{
  "name": "price-monitoring-telegram-bot",
  "lockfileVersion": 2,
  "requires": true,
  "packages": {
    "": {
      "dependencies": {
        "python": "^0.0.4",
        "selenium": "^2.20.0"
      }
    },
    "node_modules/python": {
      "version": "0.0.4",
      "resolved": "https://registry.npmjs.org/python/-/python-0.0.4.tgz",
      "integrity": "sha1-MJTomO8Xozqpw+lzs4SKOOR9GBg=",
      "engines": {
        "node": ">= 0.4.1"
      }
    },
    "node_modules/selenium": {
      "version": "2.20.0",
      "resolved": "https://registry.npmjs.org/selenium/-/selenium-2.20.0.tgz",
      "integrity": "sha1-9RWxoWLek8LM7y/AyjPztVQ+OMg=",
      "bin": {
        "selenium": "bin/selenium"
      },
      "engines": {
        "node": "> 0.4.x"
      }
    }
  },
  "dependencies": {
    "python": {
      "version": "0.0.4",
      "resolved": "https://registry.npmjs.org/python/-/python-0.0.4.tgz",
      "integrity": "sha1-MJTomO8Xozqpw+lzs4SKOOR9GBg="
    },
    "selenium": {
      "version": "2.20.0",
      "resolved": "https://registry.npmjs.org/selenium/-/selenium-2.20.0.tgz",
      "integrity": "sha1-9RWxoWLek8LM7y/AyjPztVQ+OMg="
    }
  }
}
